
Microsoft Visual Studio Solution File, Format Version 12.00
# Visual Studio Version 17
VisualStudioVersion = 17.3.32929.385
MinimumVisualStudioVersion = 10.0.40219.1
Project("{9A19103F-16F7-4668-BE54-9A1E7A4F7556}") = "IceCreamCorner", "IceCreamCorner.csproj", "{3764E3CA-9BC9-42A3-BB54-E640AB3F905F}"
EndProject
Global
	GlobalSection(SolutionConfigurationPlatforms) = preSolution
		Debug|Any CPU = Debug|Any CPU
		Release|Any CPU = Release|Any CPU
	EndGlobalSection
	GlobalSection(ProjectConfigurationPlatforms) = postSolution
		{3764E3CA-9BC9-42A3-BB54-E640AB3F905F}.Debug|Any CPU.ActiveCfg = Debug|Any CPU
		{3764E3CA-9BC9-42A3-BB54-E640AB3F905F}.Debug|Any CPU.Build.0 = Debug|Any CPU
		{3764E3CA-9BC9-42A3-BB54-E640AB3F905F}.Release|Any CPU.ActiveCfg = Release|Any CPU
		{3764E3CA-9BC9-42A3-BB54-E640AB3F905F}.Release|Any CPU.Build.0 = Release|Any CPU
	EndGlobalSection
	GlobalSection(SolutionProperties) = preSolution
		HideSolutionNode = FALSE
	EndGlobalSection
	GlobalSection(ExtensibilityGlobals) = postSolution
		SolutionGuid = {143C155B-B449-4592-B439-CAF99D2B38C5}
	EndGlobalSection
EndGlobal
